{
    "version": 3,
    "terraform_version": "0.11.11",
    "serial": 3,
    "lineage": "000e0adb-3dd0-9b89-c013-cdaef71d6602",
    "modules": [
        {
            "path": [
                "root"
            ],
            "outputs": {},
            "resources": {
                "google_container_cluster.cluster": {
                    "type": "google_container_cluster",
                    "depends_on": [],
                    "primary": {
                        "id": "cluster",
                        "attributes": {
                            "additional_zones.#": "3",
                            "additional_zones.114014501": "us-central1-b",
                            "additional_zones.533760100": "us-central1-c",
                            "additional_zones.770108134": "us-central1-a",
                            "addons_config.#": "1",
                            "addons_config.0.horizontal_pod_autoscaling.#": "0",
                            "addons_config.0.http_load_balancing.#": "0",
                            "addons_config.0.kubernetes_dashboard.#": "1",
                            "addons_config.0.kubernetes_dashboard.0.disabled": "false",
                            "addons_config.0.network_policy_config.#": "1",
                            "addons_config.0.network_policy_config.0.disabled": "true",
                            "cluster_autoscaling.#": "0",
                            "cluster_ipv4_cidr": "10.44.0.0/14",
                            "description": "",
                            "enable_kubernetes_alpha": "false",
                            "enable_legacy_abac": "false",
                            "endpoint": "35.222.54.145",
                            "id": "cluster",
                            "initial_node_count": "1",
                            "instance_group_urls.#": "3",
                            "instance_group_urls.0": "https://www.googleapis.com/compute/v1/projects/bitcafe/zones/us-central1-a/instanceGroups/gke-cluster-node-pool-7dbaafce-grp",
                            "instance_group_urls.1": "https://www.googleapis.com/compute/v1/projects/bitcafe/zones/us-central1-c/instanceGroups/gke-cluster-node-pool-da8c8160-grp",
                            "instance_group_urls.2": "https://www.googleapis.com/compute/v1/projects/bitcafe/zones/us-central1-b/instanceGroups/gke-cluster-node-pool-a12ea06f-grp",
                            "ip_allocation_policy.#": "0",
                            "location": "us-central1",
                            "logging_service": "logging.googleapis.com",
                            "maintenance_policy.#": "0",
                            "master_auth.#": "1",
                            "master_auth.0.client_certificate": "",
                            "master_auth.0.client_certificate_config.#": "1",
                            "master_auth.0.client_certificate_config.0.issue_client_certificate": "false",
                            "master_auth.0.client_key": "",
                            "master_auth.0.cluster_ca_certificate": "LS0tLS1CRUdJTiBDRVJUSUZJQ0FURS0tLS0tCk1JSURDekNDQWZPZ0F3SUJBZ0lRY2pJR3lud1o4M0JoS2JpR3AyY3dxREFOQmdrcWhraUc5dzBCQVFzRkFEQXYKTVMwd0t3WURWUVFERXlRek5EQXdPV05oTXkwM056VTJMVFF3WWpNdE9EVTBaaTA0WkdGa00yRXdOREkzTURJdwpIaGNOTVRrd05ERTRNRFF5T0RFNVdoY05NalF3TkRFMk1EVXlPREU1V2pBdk1TMHdLd1lEVlFRREV5UXpOREF3Ck9XTmhNeTAzTnpVMkxUUXdZak10T0RVMFppMDRaR0ZrTTJFd05ESTNNREl3Z2dFaU1BMEdDU3FHU0liM0RRRUIKQVFVQUE0SUJEd0F3Z2dFS0FvSUJBUURNeWdoRWVxSUQ4VW9KREd2QWY2cmxadUI5YW5ZODZQMmhTN29IaHVRVAo0OFA3KzBaeFhlelRXRkpBekQ3V1BYNFI2VE1YQnBncUFqOERrcnhjcitnb3pOb0FvYmZtVUgrb1p1OUlreFM5CjJvdEV4bDY0a0pQSzJ2ME1MZnhOc3J2MGJVdTNJOXJOQURNRWdLQ29LQUJESGtRMEpFdG1NcDRqTXc4UXJVOUYKc1lSUmRXbklEb0Y0bm4zc3B4R0xjOU94WTVwWWNrejdtR0VQQURzaHF5bVk0b0Y1cmZxUkg4amR3MjNlL3lyNQpJUUFPQnJjQ3ZrVk9XTUJrZ3dzQ29DWnUra0IwYzE1Mm5QUSt6cTFoa0F5ejFZRnJxOUFjVmNOVVZzZTljTUhGClVlakFtQm5RU1psR1Y0UDZSeHg0dUNCYU9QMjRmanFWMS9LV2ZDUitSdjI1QWdNQkFBR2pJekFoTUE0R0ExVWQKRHdFQi93UUVBd0lDQkRBUEJnTlZIUk1CQWY4RUJUQURBUUgvTUEwR0NTcUdTSWIzRFFFQkN3VUFBNElCQVFDVwpRTUh1TEtGcGR2VEZ0YUpvK2xBc1ZiTitCaS85OWVYLytVeGptSk55VlVlWURmL1padlQ2N2dhY3B0S2dNQ1B1CnNVZHZqcUVsSW1PYzRmUjRZYVFNdWxxYXZvdDBFbmtyTkdUdDVpbUJma0pLTkNRQXhtdjgrQXcrcDFWcGpCZ0cKb21FU3hrbkU0MTA3YmpmVWtGVzQwcWxMcG9wU3AzVEdOcmRPTmVDUEVNQU1MZDBXdk5aVWNIcmhDNmlLOG11NgpYZDZXL1RLbUhrd1N5WCtWV1JMTW5OaGdHekQreFBHSTRKcXp5WFhtN29lRmZmN3U2R1g1SEZzQTJEbGczelNrCld0d0JyVGV2bUVncGZrRkVFNkVyckVCQTNNVm9wVGdRZjgwZzZxSTBaVlVuTFlaMitDb3I3TmJVT3U0NGcxTisKRkZCVkI5SWZiVVNQOWtvUTB5aTQKLS0tLS1FTkQgQ0VSVElGSUNBVEUtLS0tLQo=",
                            "master_auth.0.password": "",
                            "master_auth.0.username": "",
                            "master_authorized_networks_config.#": "0",
                            "master_version": "1.11.7-gke.12",
                            "monitoring_service": "monitoring.googleapis.com",
                            "name": "cluster",
                            "network": "projects/bitcafe/global/networks/default",
                            "network_policy.#": "1",
                            "network_policy.0.enabled": "false",
                            "network_policy.0.provider": "PROVIDER_UNSPECIFIED",
                            "node_config.#": "1",
                            "node_config.0.disk_size_gb": "100",
                            "node_config.0.disk_type": "pd-standard",
                            "node_config.0.guest_accelerator.#": "0",
                            "node_config.0.image_type": "COS",
                            "node_config.0.labels.%": "0",
                            "node_config.0.local_ssd_count": "0",
                            "node_config.0.machine_type": "n1-standard-1",
                            "node_config.0.metadata.%": "1",
                            "node_config.0.metadata.disable-legacy-endpoints": "true",
                            "node_config.0.min_cpu_platform": "",
                            "node_config.0.oauth_scopes.#": "2",
                            "node_config.0.oauth_scopes.1277378754": "https://www.googleapis.com/auth/monitoring",
                            "node_config.0.oauth_scopes.172152165": "https://www.googleapis.com/auth/logging.write",
                            "node_config.0.preemptible": "true",
                            "node_config.0.service_account": "default",
                            "node_config.0.tags.#": "0",
                            "node_config.0.taint.#": "0",
                            "node_config.0.workload_metadata_config.#": "0",
                            "node_locations.#": "3",
                            "node_locations.114014501": "us-central1-b",
                            "node_locations.533760100": "us-central1-c",
                            "node_locations.770108134": "us-central1-a",
                            "node_pool.#": "1",
                            "node_pool.0.autoscaling.#": "0",
                            "node_pool.0.initial_node_count": "1",
                            "node_pool.0.instance_group_urls.#": "3",
                            "node_pool.0.instance_group_urls.0": "https://www.googleapis.com/compute/v1/projects/bitcafe/zones/us-central1-a/instanceGroupManagers/gke-cluster-node-pool-7dbaafce-grp",
                            "node_pool.0.instance_group_urls.1": "https://www.googleapis.com/compute/v1/projects/bitcafe/zones/us-central1-c/instanceGroupManagers/gke-cluster-node-pool-da8c8160-grp",
                            "node_pool.0.instance_group_urls.2": "https://www.googleapis.com/compute/v1/projects/bitcafe/zones/us-central1-b/instanceGroupManagers/gke-cluster-node-pool-a12ea06f-grp",
                            "node_pool.0.management.#": "1",
                            "node_pool.0.management.0.auto_repair": "false",
                            "node_pool.0.management.0.auto_upgrade": "false",
                            "node_pool.0.max_pods_per_node": "0",
                            "node_pool.0.name": "node-pool",
                            "node_pool.0.name_prefix": "",
                            "node_pool.0.node_config.#": "1",
                            "node_pool.0.node_config.0.disk_size_gb": "100",
                            "node_pool.0.node_config.0.disk_type": "pd-standard",
                            "node_pool.0.node_config.0.guest_accelerator.#": "0",
                            "node_pool.0.node_config.0.image_type": "COS",
                            "node_pool.0.node_config.0.labels.%": "0",
                            "node_pool.0.node_config.0.local_ssd_count": "0",
                            "node_pool.0.node_config.0.machine_type": "n1-standard-1",
                            "node_pool.0.node_config.0.metadata.%": "1",
                            "node_pool.0.node_config.0.metadata.disable-legacy-endpoints": "true",
                            "node_pool.0.node_config.0.min_cpu_platform": "",
                            "node_pool.0.node_config.0.oauth_scopes.#": "2",
                            "node_pool.0.node_config.0.oauth_scopes.1277378754": "https://www.googleapis.com/auth/monitoring",
                            "node_pool.0.node_config.0.oauth_scopes.172152165": "https://www.googleapis.com/auth/logging.write",
                            "node_pool.0.node_config.0.preemptible": "true",
                            "node_pool.0.node_config.0.service_account": "default",
                            "node_pool.0.node_config.0.tags.#": "0",
                            "node_pool.0.node_config.0.taint.#": "0",
                            "node_pool.0.node_config.0.workload_metadata_config.#": "0",
                            "node_pool.0.node_count": "1",
                            "node_pool.0.version": "1.11.7-gke.12",
                            "node_version": "1.11.7-gke.12",
                            "private_cluster_config.#": "0",
                            "project": "bitcafe",
                            "region": "us-central1",
                            "remove_default_node_pool": "true",
                            "resource_labels.%": "0",
                            "subnetwork": "projects/bitcafe/regions/us-central1/subnetworks/default"
                        },
                        "meta": {
                            "e2bfb730-ecaa-11e6-8f88-34363bc7c4c0": {
                                "create": 1800000000000,
                                "delete": 1800000000000,
                                "update": 1800000000000
                            },
                            "schema_version": "1"
                        },
                        "tainted": false
                    },
                    "deposed": [],
                    "provider": "provider.google"
                },
                "google_container_node_pool.node-pool": {
                    "type": "google_container_node_pool",
                    "depends_on": [
                        "google_container_cluster.cluster"
                    ],
                    "primary": {
                        "id": "us-central1/cluster/node-pool",
                        "attributes": {
                            "cluster": "cluster",
                            "id": "us-central1/cluster/node-pool",
                            "initial_node_count": "1",
                            "instance_group_urls.#": "3",
                            "instance_group_urls.0": "https://www.googleapis.com/compute/v1/projects/bitcafe/zones/us-central1-a/instanceGroupManagers/gke-cluster-node-pool-7dbaafce-grp",
                            "instance_group_urls.1": "https://www.googleapis.com/compute/v1/projects/bitcafe/zones/us-central1-c/instanceGroupManagers/gke-cluster-node-pool-da8c8160-grp",
                            "instance_group_urls.2": "https://www.googleapis.com/compute/v1/projects/bitcafe/zones/us-central1-b/instanceGroupManagers/gke-cluster-node-pool-a12ea06f-grp",
                            "location": "us-central1",
                            "management.#": "1",
                            "management.0.auto_repair": "false",
                            "management.0.auto_upgrade": "false",
                            "name": "node-pool",
                            "name_prefix": "",
                            "node_config.#": "1",
                            "node_config.0.disk_size_gb": "100",
                            "node_config.0.disk_type": "pd-standard",
                            "node_config.0.guest_accelerator.#": "0",
                            "node_config.0.image_type": "COS",
                            "node_config.0.labels.%": "0",
                            "node_config.0.local_ssd_count": "0",
                            "node_config.0.machine_type": "n1-standard-1",
                            "node_config.0.metadata.%": "1",
                            "node_config.0.metadata.disable-legacy-endpoints": "true",
                            "node_config.0.min_cpu_platform": "",
                            "node_config.0.oauth_scopes.#": "2",
                            "node_config.0.oauth_scopes.1277378754": "https://www.googleapis.com/auth/monitoring",
                            "node_config.0.oauth_scopes.172152165": "https://www.googleapis.com/auth/logging.write",
                            "node_config.0.preemptible": "true",
                            "node_config.0.service_account": "default",
                            "node_config.0.tags.#": "0",
                            "node_config.0.taint.#": "0",
                            "node_config.0.workload_metadata_config.#": "0",
                            "node_count": "1",
                            "project": "bitcafe",
                            "region": "us-central1",
                            "version": "1.11.7-gke.12"
                        },
                        "meta": {
                            "e2bfb730-ecaa-11e6-8f88-34363bc7c4c0": {
                                "create": 1800000000000,
                                "delete": 600000000000,
                                "update": 600000000000
                            },
                            "schema_version": "1"
                        },
                        "tainted": false
                    },
                    "deposed": [],
                    "provider": "provider.google"
                }
            },
            "depends_on": []
        }
    ]
}
