{
    "version": 3,
    "terraform_version": "0.11.11",
    "serial": 12,
    "lineage": "94a07b84-d5b3-74e5-a96a-872f735c6cc0",
    "modules": [
        {
            "path": [
                "root"
            ],
            "outputs": {
                "nginx_ip": {
                    "sensitive": false,
                    "type": "string",
                    "value": "34.66.91.85"
                }
            },
            "resources": {
                "google_container_cluster.gke_internal": {
                    "type": "google_container_cluster",
                    "depends_on": [],
                    "primary": {
                        "id": "gke-internal",
                        "attributes": {
                            "additional_zones.#": "3",
                            "additional_zones.114014501": "us-central1-b",
                            "additional_zones.533760100": "us-central1-c",
                            "additional_zones.770108134": "us-central1-a",
                            "addons_config.#": "1",
                            "addons_config.0.horizontal_pod_autoscaling.#": "0",
                            "addons_config.0.http_load_balancing.#": "0",
                            "addons_config.0.kubernetes_dashboard.#": "1",
                            "addons_config.0.kubernetes_dashboard.0.disabled": "false",
                            "addons_config.0.network_policy_config.#": "1",
                            "addons_config.0.network_policy_config.0.disabled": "true",
                            "cluster_autoscaling.#": "0",
                            "cluster_ipv4_cidr": "10.16.0.0/14",
                            "description": "",
                            "enable_kubernetes_alpha": "false",
                            "enable_legacy_abac": "false",
                            "endpoint": "34.66.141.29",
                            "id": "gke-internal",
                            "initial_node_count": "1",
                            "instance_group_urls.#": "3",
                            "instance_group_urls.0": "https://www.googleapis.com/compute/v1/projects/bitcafe/zones/us-central1-c/instanceGroups/gke-gke-internal-np-internal-798150ff-grp",
                            "instance_group_urls.1": "https://www.googleapis.com/compute/v1/projects/bitcafe/zones/us-central1-a/instanceGroups/gke-gke-internal-np-internal-c8df9fe1-grp",
                            "instance_group_urls.2": "https://www.googleapis.com/compute/v1/projects/bitcafe/zones/us-central1-b/instanceGroups/gke-gke-internal-np-internal-16652511-grp",
                            "ip_allocation_policy.#": "1",
                            "ip_allocation_policy.0.cluster_ipv4_cidr_block": "10.16.0.0/14",
                            "ip_allocation_policy.0.cluster_secondary_range_name": "gke-gke-internal-pods-2a7d6614",
                            "ip_allocation_policy.0.create_subnetwork": "true",
                            "ip_allocation_policy.0.node_ipv4_cidr_block": "",
                            "ip_allocation_policy.0.services_ipv4_cidr_block": "10.0.16.0/20",
                            "ip_allocation_policy.0.services_secondary_range_name": "gke-gke-internal-services-2a7d6614",
                            "ip_allocation_policy.0.subnetwork_name": "",
                            "ip_allocation_policy.0.use_ip_aliases": "true",
                            "location": "us-central1",
                            "logging_service": "logging.googleapis.com",
                            "maintenance_policy.#": "0",
                            "master_auth.#": "1",
                            "master_auth.0.client_certificate": "",
                            "master_auth.0.client_certificate_config.#": "1",
                            "master_auth.0.client_certificate_config.0.issue_client_certificate": "false",
                            "master_auth.0.client_key": "",
                            "master_auth.0.cluster_ca_certificate": "LS0tLS1CRUdJTiBDRVJUSUZJQ0FURS0tLS0tCk1JSURDekNDQWZPZ0F3SUJBZ0lRT3RIcWNYVEFQVW1wcEk5dGU2SStXVEFOQmdrcWhraUc5dzBCQVFzRkFEQXYKTVMwd0t3WURWUVFERXlRek9HWmlZek0wWWkwek5EQTJMVFJpTlRVdE9EQmtPQzAyTVRBeE1UQTNZVEl5WVRjdwpIaGNOTVRrd05ESXlNVEl3TnpJeFdoY05NalF3TkRJd01UTXdOekl4V2pBdk1TMHdLd1lEVlFRREV5UXpPR1ppCll6TTBZaTB6TkRBMkxUUmlOVFV0T0RCa09DMDJNVEF4TVRBM1lUSXlZVGN3Z2dFaU1BMEdDU3FHU0liM0RRRUIKQVFVQUE0SUJEd0F3Z2dFS0FvSUJBUURNRlVlZW9OR0orRmZnTCtNSFRCaFYxcnpoWGV2MGVwcDZXZFBuSTVWMAorNm1oMmpKK3JqRGRvakEvME5vSEZxWnc3cDBVWHVwdHV5R1RNaHlRREhBR2RsZzlIYllERWVLWkEyaEllenZiCkdvZ244eFhjWC9tNXhVRTA5bXM0K09XekpWM3JMTy9ZaVYxcmx1OUZ3OUZjaFltVFMxZkZtYTd6WmwzY0lWRGgKbHNKZWZzTmFaVWtIR08zbjJTdWd3dEFoaXBaci95L2srUmx1UkV5Y0t5NXgvSFZrdU1sd3ErK3J0akxEd3dHdQpxMVBqaDJoNjBjd1puVUh5TmNpMTNTbk1wYmYwMFlZZ0lPempvUlRVa0k3MlR2bkFFWnc0WHNOSmFYQUdGT3VECmhJTkw5aVpMMFlDY0VVNmNxeDkxTmJCYkpiU1d6c0FHV29oZzRMQ0R1clNsQWdNQkFBR2pJekFoTUE0R0ExVWQKRHdFQi93UUVBd0lDQkRBUEJnTlZIUk1CQWY4RUJUQURBUUgvTUEwR0NTcUdTSWIzRFFFQkN3VUFBNElCQVFBawpuN1RBc3YwU0lZd1V5eTM4aW5JY1o3WGRrVUU1bGVuNk1vRDh5ZlRZdnJRYWswc043Nm5id1hHUGVWQi9PZDBYCnNmN2hKY3Q0OGt2dFF2Q282WGpzaHBNejJNTXVyUmltaVpreVZWU1dNVDJ4WTFJc2RYU1RkWWpWbkxNdDRpUVgKOW5uM1hSa0pjQUE4SWVWNjBveXNVUXhmZkFocnliU1JRMi9ZRFRBb29ZTHlJT21xQVB2WWk0Slc3OGZGMmROVwp5Si9Xem1qZVJ6OUorZmNEaTllNE5PVG90QTNmTWhod0U5SzUxdXd4eUZwaXFZdU5VVnpHdTlWMjZpOVZ2dFdNCjZrVmVJUTViQ0ZXdjFTUDduRHBlaGdSVWV4aXg1ME52cXVEdFRlWCtkblphY2V2ZHdKRWM3cE40NGwxZnR1QW4KRDFoaUhsL2FKS1VEL1Q4Y04rSTYKLS0tLS1FTkQgQ0VSVElGSUNBVEUtLS0tLQo=",
                            "master_auth.0.password": "",
                            "master_auth.0.username": "",
                            "master_authorized_networks_config.#": "1",
                            "master_authorized_networks_config.0.cidr_blocks.#": "1",
                            "master_authorized_networks_config.0.cidr_blocks.4049080387.cidr_block": "71.105.212.49/32",
                            "master_authorized_networks_config.0.cidr_blocks.4049080387.display_name": "",
                            "master_version": "1.11.8-gke.6",
                            "monitoring_service": "monitoring.googleapis.com",
                            "name": "gke-internal",
                            "network": "projects/bitcafe/global/networks/default",
                            "network_policy.#": "1",
                            "network_policy.0.enabled": "false",
                            "network_policy.0.provider": "PROVIDER_UNSPECIFIED",
                            "node_config.#": "1",
                            "node_config.0.disk_size_gb": "100",
                            "node_config.0.disk_type": "pd-standard",
                            "node_config.0.guest_accelerator.#": "0",
                            "node_config.0.image_type": "COS",
                            "node_config.0.labels.%": "0",
                            "node_config.0.local_ssd_count": "0",
                            "node_config.0.machine_type": "n1-standard-1",
                            "node_config.0.metadata.%": "1",
                            "node_config.0.metadata.disable-legacy-endpoints": "true",
                            "node_config.0.min_cpu_platform": "",
                            "node_config.0.oauth_scopes.#": "2",
                            "node_config.0.oauth_scopes.1277378754": "https://www.googleapis.com/auth/monitoring",
                            "node_config.0.oauth_scopes.172152165": "https://www.googleapis.com/auth/logging.write",
                            "node_config.0.preemptible": "true",
                            "node_config.0.service_account": "default",
                            "node_config.0.tags.#": "0",
                            "node_config.0.taint.#": "0",
                            "node_config.0.workload_metadata_config.#": "0",
                            "node_locations.#": "3",
                            "node_locations.114014501": "us-central1-b",
                            "node_locations.533760100": "us-central1-c",
                            "node_locations.770108134": "us-central1-a",
                            "node_pool.#": "1",
                            "node_pool.0.autoscaling.#": "0",
                            "node_pool.0.initial_node_count": "1",
                            "node_pool.0.instance_group_urls.#": "3",
                            "node_pool.0.instance_group_urls.0": "https://www.googleapis.com/compute/v1/projects/bitcafe/zones/us-central1-c/instanceGroupManagers/gke-gke-internal-np-internal-798150ff-grp",
                            "node_pool.0.instance_group_urls.1": "https://www.googleapis.com/compute/v1/projects/bitcafe/zones/us-central1-a/instanceGroupManagers/gke-gke-internal-np-internal-c8df9fe1-grp",
                            "node_pool.0.instance_group_urls.2": "https://www.googleapis.com/compute/v1/projects/bitcafe/zones/us-central1-b/instanceGroupManagers/gke-gke-internal-np-internal-16652511-grp",
                            "node_pool.0.management.#": "1",
                            "node_pool.0.management.0.auto_repair": "false",
                            "node_pool.0.management.0.auto_upgrade": "false",
                            "node_pool.0.max_pods_per_node": "0",
                            "node_pool.0.name": "np-internal",
                            "node_pool.0.name_prefix": "",
                            "node_pool.0.node_config.#": "1",
                            "node_pool.0.node_config.0.disk_size_gb": "100",
                            "node_pool.0.node_config.0.disk_type": "pd-standard",
                            "node_pool.0.node_config.0.guest_accelerator.#": "0",
                            "node_pool.0.node_config.0.image_type": "COS",
                            "node_pool.0.node_config.0.labels.%": "0",
                            "node_pool.0.node_config.0.local_ssd_count": "0",
                            "node_pool.0.node_config.0.machine_type": "n1-standard-1",
                            "node_pool.0.node_config.0.metadata.%": "1",
                            "node_pool.0.node_config.0.metadata.disable-legacy-endpoints": "true",
                            "node_pool.0.node_config.0.min_cpu_platform": "",
                            "node_pool.0.node_config.0.oauth_scopes.#": "2",
                            "node_pool.0.node_config.0.oauth_scopes.1277378754": "https://www.googleapis.com/auth/monitoring",
                            "node_pool.0.node_config.0.oauth_scopes.172152165": "https://www.googleapis.com/auth/logging.write",
                            "node_pool.0.node_config.0.preemptible": "true",
                            "node_pool.0.node_config.0.service_account": "default",
                            "node_pool.0.node_config.0.tags.#": "0",
                            "node_pool.0.node_config.0.taint.#": "0",
                            "node_pool.0.node_config.0.workload_metadata_config.#": "0",
                            "node_pool.0.node_count": "1",
                            "node_pool.0.version": "1.11.8-gke.6",
                            "node_version": "1.11.8-gke.6",
                            "private_cluster_config.#": "1",
                            "private_cluster_config.0.enable_private_endpoint": "false",
                            "private_cluster_config.0.enable_private_nodes": "true",
                            "private_cluster_config.0.master_ipv4_cidr_block": "10.10.1.0/28",
                            "private_cluster_config.0.private_endpoint": "10.10.1.2",
                            "private_cluster_config.0.public_endpoint": "34.66.141.29",
                            "project": "bitcafe",
                            "region": "us-central1",
                            "remove_default_node_pool": "true",
                            "resource_labels.%": "0",
                            "subnetwork": "projects/bitcafe/regions/us-central1/subnetworks/gke-gke-internal-subnet-2a7d6614"
                        },
                        "meta": {
                            "e2bfb730-ecaa-11e6-8f88-34363bc7c4c0": {
                                "create": 1800000000000,
                                "delete": 1800000000000,
                                "update": 1800000000000
                            },
                            "schema_version": "1"
                        },
                        "tainted": false
                    },
                    "deposed": [],
                    "provider": "provider.google"
                },
                "google_container_cluster.gke_private": {
                    "type": "google_container_cluster",
                    "depends_on": [],
                    "primary": {
                        "id": "gke-private",
                        "attributes": {
                            "additional_zones.#": "3",
                            "additional_zones.1009634651": "us-east4-a",
                            "additional_zones.236695513": "us-east4-c",
                            "additional_zones.385916568": "us-east4-b",
                            "addons_config.#": "1",
                            "addons_config.0.horizontal_pod_autoscaling.#": "0",
                            "addons_config.0.http_load_balancing.#": "0",
                            "addons_config.0.kubernetes_dashboard.#": "1",
                            "addons_config.0.kubernetes_dashboard.0.disabled": "false",
                            "addons_config.0.network_policy_config.#": "1",
                            "addons_config.0.network_policy_config.0.disabled": "true",
                            "cluster_autoscaling.#": "0",
                            "cluster_ipv4_cidr": "10.4.0.0/14",
                            "description": "",
                            "enable_kubernetes_alpha": "false",
                            "enable_legacy_abac": "false",
                            "endpoint": "10.10.2.2",
                            "id": "gke-private",
                            "initial_node_count": "1",
                            "instance_group_urls.#": "3",
                            "instance_group_urls.0": "https://www.googleapis.com/compute/v1/projects/bitcafe/zones/us-east4-c/instanceGroups/gke-gke-private-np-private-1f8ffbe9-grp",
                            "instance_group_urls.1": "https://www.googleapis.com/compute/v1/projects/bitcafe/zones/us-east4-a/instanceGroups/gke-gke-private-np-private-20c3b259-grp",
                            "instance_group_urls.2": "https://www.googleapis.com/compute/v1/projects/bitcafe/zones/us-east4-b/instanceGroups/gke-gke-private-np-private-8413d06b-grp",
                            "ip_allocation_policy.#": "1",
                            "ip_allocation_policy.0.cluster_ipv4_cidr_block": "10.4.0.0/14",
                            "ip_allocation_policy.0.cluster_secondary_range_name": "gke-gke-private-pods-fc61d072",
                            "ip_allocation_policy.0.create_subnetwork": "true",
                            "ip_allocation_policy.0.node_ipv4_cidr_block": "",
                            "ip_allocation_policy.0.services_ipv4_cidr_block": "10.0.32.0/20",
                            "ip_allocation_policy.0.services_secondary_range_name": "gke-gke-private-services-fc61d072",
                            "ip_allocation_policy.0.subnetwork_name": "",
                            "ip_allocation_policy.0.use_ip_aliases": "true",
                            "location": "us-east4",
                            "logging_service": "logging.googleapis.com",
                            "maintenance_policy.#": "0",
                            "master_auth.#": "1",
                            "master_auth.0.client_certificate": "",
                            "master_auth.0.client_certificate_config.#": "1",
                            "master_auth.0.client_certificate_config.0.issue_client_certificate": "false",
                            "master_auth.0.client_key": "",
                            "master_auth.0.cluster_ca_certificate": "LS0tLS1CRUdJTiBDRVJUSUZJQ0FURS0tLS0tCk1JSURDekNDQWZPZ0F3SUJBZ0lRT1lYZnVGRTFIWmNlaGkzNFRyRDEzREFOQmdrcWhraUc5dzBCQVFzRkFEQXYKTVMwd0t3WURWUVFERXlSaFlXSmtPVGxsWWkweE5qQXpMVFF3TXpndFltRTVOQzAzTkRobFlUaG1PVFpoWldNdwpIaGNOTVRrd05ESXlNVE13TkRNd1doY05NalF3TkRJd01UUXdORE13V2pBdk1TMHdLd1lEVlFRREV5UmhZV0prCk9UbGxZaTB4TmpBekxUUXdNemd0WW1FNU5DMDNORGhsWVRobU9UWmhaV013Z2dFaU1BMEdDU3FHU0liM0RRRUIKQVFVQUE0SUJEd0F3Z2dFS0FvSUJBUURQOXdGUUxxdGQrb2FMMG5CWGVPQityd1pwK2Ztb1ovUkpVR2NKdzBwNwppWklxY0NiTDJjVVBzN3NnelRnOWVPOEdTMFkyR3pDK3k4U2VkRmFhUVQ2WjZzRWJPQjBuckcwWkRISDNQTVYzCjZhZ25CS0xSeTYrbDZHRTZVdXgva0lxdDF4U1pMVXBPalZWMFVzaWVieHVRbzdybjFIUjdkRUFQcVdrbkZKVk8KVEl3YVdiVnp2SlA5TUZmQXRNM3dtaFRMb1FIdmw2bmg0djNTazJyR2E5S0FZMmlNUjMwWjRnRHhqV3l6ZkFYWgp6N2pVcjdSbUxpNVphdnkrb1NOR1RhN1JHb0xQSWxmeEppUUFIRXVTTXNoNkZlZXBDZXFYTk9SK0MvTDh4YXYwCmJKM09jVmtJUDBURlFpdjdCalFZelJmb1d0RjdmMzNydkxaWTA1QXBURlRCQWdNQkFBR2pJekFoTUE0R0ExVWQKRHdFQi93UUVBd0lDQkRBUEJnTlZIUk1CQWY4RUJUQURBUUgvTUEwR0NTcUdTSWIzRFFFQkN3VUFBNElCQVFERgpVaWwrY1BGWnAyRVI3TzE3Ym56Sm41Q1U2OGVDM3FUMmVGd2JFTkNjemtGN29DbW1iMGZWdk1GQVFCTWE5Qi90CndzVGpMWFJkU2NSK0Z0dnZDV2p4STRCaE9JZDlraXRYU3RIMytJNE1zWFJBZXppcWhoM2toUm1HbU1SSUJjUlEKRkZkSm5zMVN3aDNkaTI5STZJdXlXUkQwR2xpNlhnaUwyb0svWlFqcUMyZXN3aWdlRWp5czFqaXlBUW53K0NJRAp6bmJXL3BsVnZyc3RneTBsNHNoYnZGZHNPeWJGbWxvbDlkZWF6UHVLZ3RvRlBPRlpvcXFQTk9jckR3RGw4S1dPClY0NEU3MnpsTUw5dEhpMGVDS0hpNTl4UWdwSnBWK201SGtrZkpLRk44TGdKV1c0d0lWNFFlWEZRNUZwMjJqUzkKZ2JwdWNMQ1paQmtmVFBsUnY0eGEKLS0tLS1FTkQgQ0VSVElGSUNBVEUtLS0tLQo=",
                            "master_auth.0.password": "",
                            "master_auth.0.username": "",
                            "master_authorized_networks_config.#": "1",
                            "master_authorized_networks_config.0.cidr_blocks.#": "0",
                            "master_version": "1.11.8-gke.6",
                            "monitoring_service": "monitoring.googleapis.com",
                            "name": "gke-private",
                            "network": "projects/bitcafe/global/networks/default",
                            "network_policy.#": "1",
                            "network_policy.0.enabled": "false",
                            "network_policy.0.provider": "PROVIDER_UNSPECIFIED",
                            "node_config.#": "1",
                            "node_config.0.disk_size_gb": "100",
                            "node_config.0.disk_type": "pd-standard",
                            "node_config.0.guest_accelerator.#": "0",
                            "node_config.0.image_type": "COS",
                            "node_config.0.labels.%": "0",
                            "node_config.0.local_ssd_count": "0",
                            "node_config.0.machine_type": "n1-standard-1",
                            "node_config.0.metadata.%": "1",
                            "node_config.0.metadata.disable-legacy-endpoints": "true",
                            "node_config.0.min_cpu_platform": "",
                            "node_config.0.oauth_scopes.#": "2",
                            "node_config.0.oauth_scopes.1277378754": "https://www.googleapis.com/auth/monitoring",
                            "node_config.0.oauth_scopes.172152165": "https://www.googleapis.com/auth/logging.write",
                            "node_config.0.preemptible": "true",
                            "node_config.0.service_account": "default",
                            "node_config.0.tags.#": "0",
                            "node_config.0.taint.#": "0",
                            "node_config.0.workload_metadata_config.#": "0",
                            "node_locations.#": "3",
                            "node_locations.1009634651": "us-east4-a",
                            "node_locations.236695513": "us-east4-c",
                            "node_locations.385916568": "us-east4-b",
                            "node_pool.#": "1",
                            "node_pool.0.autoscaling.#": "0",
                            "node_pool.0.initial_node_count": "1",
                            "node_pool.0.instance_group_urls.#": "3",
                            "node_pool.0.instance_group_urls.0": "https://www.googleapis.com/compute/v1/projects/bitcafe/zones/us-east4-c/instanceGroupManagers/gke-gke-private-np-private-1f8ffbe9-grp",
                            "node_pool.0.instance_group_urls.1": "https://www.googleapis.com/compute/v1/projects/bitcafe/zones/us-east4-a/instanceGroupManagers/gke-gke-private-np-private-20c3b259-grp",
                            "node_pool.0.instance_group_urls.2": "https://www.googleapis.com/compute/v1/projects/bitcafe/zones/us-east4-b/instanceGroupManagers/gke-gke-private-np-private-8413d06b-grp",
                            "node_pool.0.management.#": "1",
                            "node_pool.0.management.0.auto_repair": "false",
                            "node_pool.0.management.0.auto_upgrade": "false",
                            "node_pool.0.max_pods_per_node": "0",
                            "node_pool.0.name": "np-private",
                            "node_pool.0.name_prefix": "",
                            "node_pool.0.node_config.#": "1",
                            "node_pool.0.node_config.0.disk_size_gb": "100",
                            "node_pool.0.node_config.0.disk_type": "pd-standard",
                            "node_pool.0.node_config.0.guest_accelerator.#": "0",
                            "node_pool.0.node_config.0.image_type": "COS",
                            "node_pool.0.node_config.0.labels.%": "0",
                            "node_pool.0.node_config.0.local_ssd_count": "0",
                            "node_pool.0.node_config.0.machine_type": "n1-standard-1",
                            "node_pool.0.node_config.0.metadata.%": "1",
                            "node_pool.0.node_config.0.metadata.disable-legacy-endpoints": "true",
                            "node_pool.0.node_config.0.min_cpu_platform": "",
                            "node_pool.0.node_config.0.oauth_scopes.#": "2",
                            "node_pool.0.node_config.0.oauth_scopes.1277378754": "https://www.googleapis.com/auth/monitoring",
                            "node_pool.0.node_config.0.oauth_scopes.172152165": "https://www.googleapis.com/auth/logging.write",
                            "node_pool.0.node_config.0.preemptible": "true",
                            "node_pool.0.node_config.0.service_account": "default",
                            "node_pool.0.node_config.0.tags.#": "0",
                            "node_pool.0.node_config.0.taint.#": "0",
                            "node_pool.0.node_config.0.workload_metadata_config.#": "0",
                            "node_pool.0.node_count": "1",
                            "node_pool.0.version": "1.11.8-gke.6",
                            "node_version": "1.11.8-gke.6",
                            "private_cluster_config.#": "1",
                            "private_cluster_config.0.enable_private_endpoint": "true",
                            "private_cluster_config.0.enable_private_nodes": "true",
                            "private_cluster_config.0.master_ipv4_cidr_block": "10.10.2.0/28",
                            "private_cluster_config.0.private_endpoint": "10.10.2.2",
                            "private_cluster_config.0.public_endpoint": "35.186.189.76",
                            "project": "bitcafe",
                            "region": "us-east4",
                            "remove_default_node_pool": "true",
                            "resource_labels.%": "0",
                            "subnetwork": "projects/bitcafe/regions/us-east4/subnetworks/gke-gke-private-subnet-fc61d072"
                        },
                        "meta": {
                            "e2bfb730-ecaa-11e6-8f88-34363bc7c4c0": {
                                "create": 1800000000000,
                                "delete": 1800000000000,
                                "update": 1800000000000
                            },
                            "schema_version": "1"
                        },
                        "tainted": false
                    },
                    "deposed": [],
                    "provider": "provider.google"
                },
                "google_container_node_pool.np-internal": {
                    "type": "google_container_node_pool",
                    "depends_on": [
                        "google_container_cluster.gke_internal"
                    ],
                    "primary": {
                        "id": "us-central1/gke-internal/np-internal",
                        "attributes": {
                            "cluster": "gke-internal",
                            "id": "us-central1/gke-internal/np-internal",
                            "initial_node_count": "1",
                            "instance_group_urls.#": "3",
                            "instance_group_urls.0": "https://www.googleapis.com/compute/v1/projects/bitcafe/zones/us-central1-c/instanceGroupManagers/gke-gke-internal-np-internal-798150ff-grp",
                            "instance_group_urls.1": "https://www.googleapis.com/compute/v1/projects/bitcafe/zones/us-central1-a/instanceGroupManagers/gke-gke-internal-np-internal-c8df9fe1-grp",
                            "instance_group_urls.2": "https://www.googleapis.com/compute/v1/projects/bitcafe/zones/us-central1-b/instanceGroupManagers/gke-gke-internal-np-internal-16652511-grp",
                            "location": "us-central1",
                            "management.#": "1",
                            "management.0.auto_repair": "false",
                            "management.0.auto_upgrade": "false",
                            "name": "np-internal",
                            "name_prefix": "",
                            "node_config.#": "1",
                            "node_config.0.disk_size_gb": "100",
                            "node_config.0.disk_type": "pd-standard",
                            "node_config.0.guest_accelerator.#": "0",
                            "node_config.0.image_type": "COS",
                            "node_config.0.labels.%": "0",
                            "node_config.0.local_ssd_count": "0",
                            "node_config.0.machine_type": "n1-standard-1",
                            "node_config.0.metadata.%": "1",
                            "node_config.0.metadata.disable-legacy-endpoints": "true",
                            "node_config.0.min_cpu_platform": "",
                            "node_config.0.oauth_scopes.#": "2",
                            "node_config.0.oauth_scopes.1277378754": "https://www.googleapis.com/auth/monitoring",
                            "node_config.0.oauth_scopes.172152165": "https://www.googleapis.com/auth/logging.write",
                            "node_config.0.preemptible": "true",
                            "node_config.0.service_account": "default",
                            "node_config.0.tags.#": "0",
                            "node_config.0.taint.#": "0",
                            "node_config.0.workload_metadata_config.#": "0",
                            "node_count": "1",
                            "project": "bitcafe",
                            "region": "us-central1",
                            "version": "1.11.8-gke.6"
                        },
                        "meta": {
                            "e2bfb730-ecaa-11e6-8f88-34363bc7c4c0": {
                                "create": 1800000000000,
                                "delete": 600000000000,
                                "update": 600000000000
                            },
                            "schema_version": "1"
                        },
                        "tainted": false
                    },
                    "deposed": [],
                    "provider": "provider.google"
                },
                "google_container_node_pool.np-private": {
                    "type": "google_container_node_pool",
                    "depends_on": [
                        "google_container_cluster.gke_private"
                    ],
                    "primary": {
                        "id": "us-east4/gke-private/np-private",
                        "attributes": {
                            "cluster": "gke-private",
                            "id": "us-east4/gke-private/np-private",
                            "initial_node_count": "1",
                            "instance_group_urls.#": "3",
                            "instance_group_urls.0": "https://www.googleapis.com/compute/v1/projects/bitcafe/zones/us-east4-c/instanceGroupManagers/gke-gke-private-np-private-1f8ffbe9-grp",
                            "instance_group_urls.1": "https://www.googleapis.com/compute/v1/projects/bitcafe/zones/us-east4-a/instanceGroupManagers/gke-gke-private-np-private-20c3b259-grp",
                            "instance_group_urls.2": "https://www.googleapis.com/compute/v1/projects/bitcafe/zones/us-east4-b/instanceGroupManagers/gke-gke-private-np-private-8413d06b-grp",
                            "location": "us-east4",
                            "management.#": "1",
                            "management.0.auto_repair": "false",
                            "management.0.auto_upgrade": "false",
                            "name": "np-private",
                            "name_prefix": "",
                            "node_config.#": "1",
                            "node_config.0.disk_size_gb": "100",
                            "node_config.0.disk_type": "pd-standard",
                            "node_config.0.guest_accelerator.#": "0",
                            "node_config.0.image_type": "COS",
                            "node_config.0.labels.%": "0",
                            "node_config.0.local_ssd_count": "0",
                            "node_config.0.machine_type": "n1-standard-1",
                            "node_config.0.metadata.%": "1",
                            "node_config.0.metadata.disable-legacy-endpoints": "true",
                            "node_config.0.min_cpu_platform": "",
                            "node_config.0.oauth_scopes.#": "2",
                            "node_config.0.oauth_scopes.1277378754": "https://www.googleapis.com/auth/monitoring",
                            "node_config.0.oauth_scopes.172152165": "https://www.googleapis.com/auth/logging.write",
                            "node_config.0.preemptible": "true",
                            "node_config.0.service_account": "default",
                            "node_config.0.tags.#": "0",
                            "node_config.0.taint.#": "0",
                            "node_config.0.workload_metadata_config.#": "0",
                            "node_count": "1",
                            "project": "bitcafe",
                            "region": "us-east4",
                            "version": "1.11.8-gke.6"
                        },
                        "meta": {
                            "e2bfb730-ecaa-11e6-8f88-34363bc7c4c0": {
                                "create": 1800000000000,
                                "delete": 600000000000,
                                "update": 600000000000
                            },
                            "schema_version": "1"
                        },
                        "tainted": false
                    },
                    "deposed": [],
                    "provider": "provider.google"
                },
                "kubernetes_deployment.hello": {
                    "type": "kubernetes_deployment",
                    "depends_on": [],
                    "primary": {
                        "id": "default/hello",
                        "attributes": {
                            "id": "default/hello",
                            "metadata.#": "1",
                            "metadata.0.annotations.%": "0",
                            "metadata.0.generate_name": "",
                            "metadata.0.generation": "2",
                            "metadata.0.labels.%": "1",
                            "metadata.0.labels.app": "hello",
                            "metadata.0.name": "hello",
                            "metadata.0.namespace": "default",
                            "metadata.0.resource_version": "402740",
                            "metadata.0.self_link": "/apis/apps/v1/namespaces/default/deployments/hello",
                            "metadata.0.uid": "7790730c-658c-11e9-bbd9-42010a0a0108",
                            "spec.#": "1",
                            "spec.0.min_ready_seconds": "0",
                            "spec.0.paused": "false",
                            "spec.0.progress_deadline_seconds": "600",
                            "spec.0.replicas": "2",
                            "spec.0.revision_history_limit": "10",
                            "spec.0.selector.#": "1",
                            "spec.0.selector.0.match_expressions.#": "0",
                            "spec.0.selector.0.match_labels.%": "1",
                            "spec.0.selector.0.match_labels.app": "hello",
                            "spec.0.strategy.#": "1",
                            "spec.0.strategy.0.rolling_update.#": "1",
                            "spec.0.strategy.0.rolling_update.0.max_surge": "25%",
                            "spec.0.strategy.0.rolling_update.0.max_unavailable": "25%",
                            "spec.0.strategy.0.type": "RollingUpdate",
                            "spec.0.template.#": "1",
                            "spec.0.template.0.metadata.#": "1",
                            "spec.0.template.0.metadata.0.annotations.%": "0",
                            "spec.0.template.0.metadata.0.generate_name": "",
                            "spec.0.template.0.metadata.0.generation": "0",
                            "spec.0.template.0.metadata.0.labels.%": "1",
                            "spec.0.template.0.metadata.0.labels.app": "hello",
                            "spec.0.template.0.metadata.0.name": "",
                            "spec.0.template.0.metadata.0.namespace": "default",
                            "spec.0.template.0.metadata.0.resource_version": "",
                            "spec.0.template.0.metadata.0.self_link": "",
                            "spec.0.template.0.metadata.0.uid": "",
                            "spec.0.template.0.spec.#": "1",
                            "spec.0.template.0.spec.0.active_deadline_seconds": "0",
                            "spec.0.template.0.spec.0.container.#": "1",
                            "spec.0.template.0.spec.0.container.0.args.#": "0",
                            "spec.0.template.0.spec.0.container.0.command.#": "0",
                            "spec.0.template.0.spec.0.container.0.env.#": "0",
                            "spec.0.template.0.spec.0.container.0.env_from.#": "0",
                            "spec.0.template.0.spec.0.container.0.image": "gcr.io/google-samples/hello-app:1.0",
                            "spec.0.template.0.spec.0.container.0.image_pull_policy": "IfNotPresent",
                            "spec.0.template.0.spec.0.container.0.lifecycle.#": "0",
                            "spec.0.template.0.spec.0.container.0.liveness_probe.#": "0",
                            "spec.0.template.0.spec.0.container.0.name": "hello",
                            "spec.0.template.0.spec.0.container.0.port.#": "1",
                            "spec.0.template.0.spec.0.container.0.port.0.container_port": "80",
                            "spec.0.template.0.spec.0.container.0.port.0.host_ip": "",
                            "spec.0.template.0.spec.0.container.0.port.0.host_port": "0",
                            "spec.0.template.0.spec.0.container.0.port.0.name": "",
                            "spec.0.template.0.spec.0.container.0.port.0.protocol": "TCP",
                            "spec.0.template.0.spec.0.container.0.readiness_probe.#": "0",
                            "spec.0.template.0.spec.0.container.0.resources.#": "1",
                            "spec.0.template.0.spec.0.container.0.resources.0.limits.#": "1",
                            "spec.0.template.0.spec.0.container.0.resources.0.limits.0.cpu": "500m",
                            "spec.0.template.0.spec.0.container.0.resources.0.limits.0.memory": "512Mi",
                            "spec.0.template.0.spec.0.container.0.resources.0.requests.#": "1",
                            "spec.0.template.0.spec.0.container.0.resources.0.requests.0.cpu": "250m",
                            "spec.0.template.0.spec.0.container.0.resources.0.requests.0.memory": "50Mi",
                            "spec.0.template.0.spec.0.container.0.security_context.#": "0",
                            "spec.0.template.0.spec.0.container.0.stdin": "false",
                            "spec.0.template.0.spec.0.container.0.stdin_once": "false",
                            "spec.0.template.0.spec.0.container.0.termination_message_path": "/dev/termination-log",
                            "spec.0.template.0.spec.0.container.0.tty": "false",
                            "spec.0.template.0.spec.0.container.0.volume_mount.#": "0",
                            "spec.0.template.0.spec.0.container.0.working_dir": "",
                            "spec.0.template.0.spec.0.dns_config.#": "0",
                            "spec.0.template.0.spec.0.dns_policy": "ClusterFirst",
                            "spec.0.template.0.spec.0.host_aliases.#": "0",
                            "spec.0.template.0.spec.0.host_ipc": "false",
                            "spec.0.template.0.spec.0.host_network": "false",
                            "spec.0.template.0.spec.0.host_pid": "false",
                            "spec.0.template.0.spec.0.hostname": "",
                            "spec.0.template.0.spec.0.image_pull_secrets.#": "0",
                            "spec.0.template.0.spec.0.init_container.#": "0",
                            "spec.0.template.0.spec.0.node_name": "",
                            "spec.0.template.0.spec.0.node_selector.%": "0",
                            "spec.0.template.0.spec.0.restart_policy": "Always",
                            "spec.0.template.0.spec.0.security_context.#": "0",
                            "spec.0.template.0.spec.0.service_account_name": "",
                            "spec.0.template.0.spec.0.subdomain": "",
                            "spec.0.template.0.spec.0.termination_grace_period_seconds": "30",
                            "spec.0.template.0.spec.0.volume.#": "0"
                        },
                        "meta": {
                            "e2bfb730-ecaa-11e6-8f88-34363bc7c4c0": {
                                "create": 600000000000,
                                "delete": 600000000000,
                                "update": 600000000000
                            }
                        },
                        "tainted": false
                    },
                    "deposed": [],
                    "provider": "provider.kubernetes"
                },
                "kubernetes_service.hello": {
                    "type": "kubernetes_service",
                    "depends_on": [
                        "kubernetes_deployment.hello"
                    ],
                    "primary": {
                        "id": "default/hello",
                        "attributes": {
                            "id": "default/hello",
                            "load_balancer_ingress.#": "1",
                            "load_balancer_ingress.0.hostname": "",
                            "load_balancer_ingress.0.ip": "34.66.91.85",
                            "metadata.#": "1",
                            "metadata.0.annotations.%": "1",
                            "metadata.0.annotations.cloud.google.com/load-balancer-type": "Internal",
                            "metadata.0.generate_name": "",
                            "metadata.0.generation": "0",
                            "metadata.0.labels.%": "0",
                            "metadata.0.name": "hello",
                            "metadata.0.namespace": "default",
                            "metadata.0.resource_version": "434004",
                            "metadata.0.self_link": "/api/v1/namespaces/default/services/hello",
                            "metadata.0.uid": "ef543d5b-658d-11e9-a3ee-42010a0a0104",
                            "spec.#": "1",
                            "spec.0.cluster_ip": "10.0.29.57",
                            "spec.0.external_ips.#": "0",
                            "spec.0.external_name": "",
                            "spec.0.load_balancer_ip": "",
                            "spec.0.load_balancer_source_ranges.#": "0",
                            "spec.0.port.#": "1",
                            "spec.0.port.0.name": "",
                            "spec.0.port.0.node_port": "32569",
                            "spec.0.port.0.port": "80",
                            "spec.0.port.0.protocol": "TCP",
                            "spec.0.port.0.target_port": "8080",
                            "spec.0.publish_not_ready_addresses": "false",
                            "spec.0.selector.%": "1",
                            "spec.0.selector.app": "hello",
                            "spec.0.session_affinity": "None",
                            "spec.0.type": "LoadBalancer"
                        },
                        "meta": {},
                        "tainted": false
                    },
                    "deposed": [],
                    "provider": "provider.kubernetes"
                }
            },
            "depends_on": []
        }
    ]
}
